
Microsoft Visual Studio Solution File, Format Version 12.00
# Visual Studio 15
VisualStudioVersion = 15.0.28010.2026
MinimumVisualStudioVersion = 10.0.40219.1
Project("{FAE04EC0-301F-11D3-BF4B-00C04F79EFBC}") = "Tirelires", "Tirelires\Tirelires.csproj", "{F07E024E-789E-4A44-AE18-59A4B1DF87D2}"
EndProject
Project("{FAE04EC0-301F-11D3-BF4B-00C04F79EFBC}") = "Data", "Data\Data.csproj", "{D0414977-C4EF-4FB6-81F2-C81EC52FEC35}"
EndProject
Global
	GlobalSection(SolutionConfigurationPlatforms) = preSolution
		Debug|Any CPU = Debug|Any CPU
		Release|Any CPU = Release|Any CPU
	EndGlobalSection
	GlobalSection(ProjectConfigurationPlatforms) = postSolution
		{F07E024E-789E-4A44-AE18-59A4B1DF87D2}.Debug|Any CPU.ActiveCfg = Debug|Any CPU
		{F07E024E-789E-4A44-AE18-59A4B1DF87D2}.Debug|Any CPU.Build.0 = Debug|Any CPU
		{F07E024E-789E-4A44-AE18-59A4B1DF87D2}.Release|Any CPU.ActiveCfg = Release|Any CPU
		{F07E024E-789E-4A44-AE18-59A4B1DF87D2}.Release|Any CPU.Build.0 = Release|Any CPU
		{D0414977-C4EF-4FB6-81F2-C81EC52FEC35}.Debug|Any CPU.ActiveCfg = Debug|Any CPU
		{D0414977-C4EF-4FB6-81F2-C81EC52FEC35}.Debug|Any CPU.Build.0 = Debug|Any CPU
		{D0414977-C4EF-4FB6-81F2-C81EC52FEC35}.Release|Any CPU.ActiveCfg = Release|Any CPU
		{D0414977-C4EF-4FB6-81F2-C81EC52FEC35}.Release|Any CPU.Build.0 = Release|Any CPU
	EndGlobalSection
	GlobalSection(SolutionProperties) = preSolution
		HideSolutionNode = FALSE
	EndGlobalSection
	GlobalSection(ExtensibilityGlobals) = postSolution
		SolutionGuid = {A46EE246-C630-4715-8617-713C6FF111DA}
	EndGlobalSection
EndGlobal
